// !$*UTF8*$!
{
	archiveVersion = 1;
	classes = {
	};
	objectVersion = 56;
	objects = {

/* Begin PBXBuildFile section */
		361139DC2C39459200DC7B2B /* Constants.swift in Sources */ = {isa = PBXBuildFile; fileRef = 361139DB2C39459100DC7B2B /* Constants.swift */; };
		3699BEB42C36845700F48BB3 /* TaskCell.xib in Resources */ = {isa = PBXBuildFile; fileRef = 3699BEB32C36845700F48BB3 /* TaskCell.xib */; };
		3699BEB52C36845700F48BB3 /* TaskCell.swift in Sources */ = {isa = PBXBuildFile; fileRef = 3699BEB22C36845700F48BB3 /* TaskCell.swift */; };
		3699BEB72C36AEF800F48BB3 /* TaskModel.swift in Sources */ = {isa = PBXBuildFile; fileRef = 3699BEB62C36AEF800F48BB3 /* TaskModel.swift */; };
		3699BEB92C36B77000F48BB3 /* AddTaskVC.swift in Sources */ = {isa = PBXBuildFile; fileRef = 3699BEB82C36B77000F48BB3 /* AddTaskVC.swift */; };
		36AAAED22C36646C0007FF63 /* AppDelegate.swift in Sources */ = {isa = PBXBuildFile; fileRef = 36AAAED12C36646C0007FF63 /* AppDelegate.swift */; };
		36AAAED62C36646C0007FF63 /* ViewController.swift in Sources */ = {isa = PBXBuildFile; fileRef = 36AAAED52C36646C0007FF63 /* ViewController.swift */; };
		36AAAED92C36646C0007FF63 /* Base in Resources */ = {isa = PBXBuildFile; fileRef = 36AAAED82C36646C0007FF63 /* Base */; };
		36AAAEDB2C36646E0007FF63 /* Assets.xcassets in Resources */ = {isa = PBXBuildFile; fileRef = 36AAAEDA2C36646E0007FF63 /* Assets.xcassets */; };
		36AAAEDE2C36646E0007FF63 /* Base in Resources */ = {isa = PBXBuildFile; fileRef = 36AAAEDD2C36646E0007FF63 /* Base */; };
		36AAAEE62C366A490007FF63 /* TabbarVC.swift in Sources */ = {isa = PBXBuildFile; fileRef = 36AAAEE52C366A490007FF63 /* TabbarVC.swift */; };
		36AAAEE82C366BD70007FF63 /* SceneDelegate.swift in Sources */ = {isa = PBXBuildFile; fileRef = 36AAAEE72C366BD70007FF63 /* SceneDelegate.swift */; };
		36D29C892C3A70E700FF7CC3 /* notification.wav in Resources */ = {isa = PBXBuildFile; fileRef = 36D29C882C3A70E700FF7CC3 /* notification.wav */; };
		A00823389F8F509DCCEF8D62 /* Pods_Checkmate.framework in Frameworks */ = {isa = PBXBuildFile; fileRef = 0360BE11C37089465B5A8DFA /* Pods_Checkmate.framework */; };
/* End PBXBuildFile section */

/* Begin PBXFileReference section */
		0360BE11C37089465B5A8DFA /* Pods_Checkmate.framework */ = {isa = PBXFileReference; explicitFileType = wrapper.framework; includeInIndex = 0; path = Pods_Checkmate.framework; sourceTree = BUILT_PRODUCTS_DIR; };
		227AA18B525B6A787CA45595 /* Pods-Checkmate.debug.xcconfig */ = {isa = PBXFileReference; includeInIndex = 1; lastKnownFileType = text.xcconfig; name = "Pods-Checkmate.debug.xcconfig"; path = "Target Support Files/Pods-Checkmate/Pods-Checkmate.debug.xcconfig"; sourceTree = "<group>"; };
		361139DB2C39459100DC7B2B /* Constants.swift */ = {isa = PBXFileReference; lastKnownFileType = sourcecode.swift; path = Constants.swift; sourceTree = "<group>"; };
		3699BEB22C36845700F48BB3 /* TaskCell.swift */ = {isa = PBXFileReference; lastKnownFileType = sourcecode.swift; path = TaskCell.swift; sourceTree = "<group>"; };
		3699BEB32C36845700F48BB3 /* TaskCell.xib */ = {isa = PBXFileReference; lastKnownFileType = file.xib; path = TaskCell.xib; sourceTree = "<group>"; };
		3699BEB62C36AEF800F48BB3 /* TaskModel.swift */ = {isa = PBXFileReference; lastKnownFileType = sourcecode.swift; path = TaskModel.swift; sourceTree = "<group>"; };
		3699BEB82C36B77000F48BB3 /* AddTaskVC.swift */ = {isa = PBXFileReference; lastKnownFileType = sourcecode.swift; path = AddTaskVC.swift; sourceTree = "<group>"; };
		36AAAECE2C36646C0007FF63 /* Checkmate.app */ = {isa = PBXFileReference; explicitFileType = wrapper.application; includeInIndex = 0; path = Checkmate.app; sourceTree = BUILT_PRODUCTS_DIR; };
		36AAAED12C36646C0007FF63 /* AppDelegate.swift */ = {isa = PBXFileReference; lastKnownFileType = sourcecode.swift; path = AppDelegate.swift; sourceTree = "<group>"; };
		36AAAED52C36646C0007FF63 /* ViewController.swift */ = {isa = PBXFileReference; lastKnownFileType = sourcecode.swift; path = ViewController.swift; sourceTree = "<group>"; };
		36AAAED82C36646C0007FF63 /* Base */ = {isa = PBXFileReference; lastKnownFileType = file.storyboard; name = Base; path = Base.lproj/Main.storyboard; sourceTree = "<group>"; };
		36AAAEDA2C36646E0007FF63 /* Assets.xcassets */ = {isa = PBXFileReference; lastKnownFileType = folder.assetcatalog; path = Assets.xcassets; sourceTree = "<group>"; };
		36AAAEDD2C36646E0007FF63 /* Base */ = {isa = PBXFileReference; lastKnownFileType = file.storyboard; name = Base; path = Base.lproj/LaunchScreen.storyboard; sourceTree = "<group>"; };
		36AAAEDF2C36646E0007FF63 /* Info.plist */ = {isa = PBXFileReference; lastKnownFileType = text.plist.xml; path = Info.plist; sourceTree = "<group>"; };
		36AAAEE52C366A490007FF63 /* TabbarVC.swift */ = {isa = PBXFileReference; lastKnownFileType = sourcecode.swift; path = TabbarVC.swift; sourceTree = "<group>"; };
		36AAAEE72C366BD70007FF63 /* SceneDelegate.swift */ = {isa = PBXFileReference; fileEncoding = 4; lastKnownFileType = sourcecode.swift; path = SceneDelegate.swift; sourceTree = "<group>"; };
		36D29C872C3A5D0A00FF7CC3 /* Checkmate.entitlements */ = {isa = PBXFileReference; lastKnownFileType = text.plist.entitlements; path = Checkmate.entitlements; sourceTree = "<group>"; };
		36D29C882C3A70E700FF7CC3 /* notification.wav */ = {isa = PBXFileReference; lastKnownFileType = audio.wav; path = notification.wav; sourceTree = "<group>"; };
		58D0DC1A77D79F47EF7BA73F /* Pods-Checkmate.release.xcconfig */ = {isa = PBXFileReference; includeInIndex = 1; lastKnownFileType = text.xcconfig; name = "Pods-Checkmate.release.xcconfig"; path = "Target Support Files/Pods-Checkmate/Pods-Checkmate.release.xcconfig"; sourceTree = "<group>"; };
/* End PBXFileReference section */

/* Begin PBXFrameworksBuildPhase section */
		36AAAECB2C36646C0007FF63 /* Frameworks */ = {
			isa = PBXFrameworksBuildPhase;
			buildActionMask = 2147483647;
			files = (
				A00823389F8F509DCCEF8D62 /* Pods_Checkmate.framework in Frameworks */,
			);
			runOnlyForDeploymentPostprocessing = 0;
		};
/* End PBXFrameworksBuildPhase section */

/* Begin PBXGroup section */
		3699BEB12C36844000F48BB3 /* xib */ = {
			isa = PBXGroup;
			children = (
				3699BEB22C36845700F48BB3 /* TaskCell.swift */,
				3699BEB32C36845700F48BB3 /* TaskCell.xib */,
			);
			path = xib;
			sourceTree = "<group>";
		};
		36AAAEC52C36646C0007FF63 = {
			isa = PBXGroup;
			children = (
				36AAAED02C36646C0007FF63 /* Checkmate */,
				36AAAECF2C36646C0007FF63 /* Products */,
				3EC87CA1AC4F0A8F2B8F0FC2 /* Pods */,
				65373DB2AF2815837CF2EAA0 /* Frameworks */,
			);
			sourceTree = "<group>";
		};
		36AAAECF2C36646C0007FF63 /* Products */ = {
			isa = PBXGroup;
			children = (
				36AAAECE2C36646C0007FF63 /* Checkmate.app */,
			);
			name = Products;
			sourceTree = "<group>";
		};
		36AAAED02C36646C0007FF63 /* Checkmate */ = {
			isa = PBXGroup;
			children = (
				36D29C872C3A5D0A00FF7CC3 /* Checkmate.entitlements */,
				36AAAED12C36646C0007FF63 /* AppDelegate.swift */,
				36AAAEE72C366BD70007FF63 /* SceneDelegate.swift */,
				36AAAED52C36646C0007FF63 /* ViewController.swift */,
				3699BEB82C36B77000F48BB3 /* AddTaskVC.swift */,
				36AAAEE52C366A490007FF63 /* TabbarVC.swift */,
				3699BEB62C36AEF800F48BB3 /* TaskModel.swift */,
				361139DB2C39459100DC7B2B /* Constants.swift */,
				36AAAED72C36646C0007FF63 /* Main.storyboard */,
				36AAAEDC2C36646E0007FF63 /* LaunchScreen.storyboard */,
				3699BEB12C36844000F48BB3 /* xib */,
				36AAAEDA2C36646E0007FF63 /* Assets.xcassets */,
				36AAAEDF2C36646E0007FF63 /* Info.plist */,
				36D29C882C3A70E700FF7CC3 /* notification.wav */,
			);
			path = Checkmate;
			sourceTree = "<group>";
		};
		3EC87CA1AC4F0A8F2B8F0FC2 /* Pods */ = {
			isa = PBXGroup;
			children = (
				227AA18B525B6A787CA45595 /* Pods-Checkmate.debug.xcconfig */,
				58D0DC1A77D79F47EF7BA73F /* Pods-Checkmate.release.xcconfig */,
			);
			path = Pods;
			sourceTree = "<group>";
		};
		65373DB2AF2815837CF2EAA0 /* Frameworks */ = {
			isa = PBXGroup;
			children = (
				0360BE11C37089465B5A8DFA /* Pods_Checkmate.framework */,
			);
			name = Frameworks;
			sourceTree = "<group>";
		};
/* End PBXGroup section */

/* Begin PBXNativeTarget section */
		36AAAECD2C36646C0007FF63 /* Checkmate */ = {
			isa = PBXNativeTarget;
			buildConfigurationList = 36AAAEE22C36646E0007FF63 /* Build configuration list for PBXNativeTarget "Checkmate" */;
			buildPhases = (
				3074F25AF2096A437D4C94D5 /* [CP] Check Pods Manifest.lock */,
				36AAAECA2C36646C0007FF63 /* Sources */,
				36AAAECB2C36646C0007FF63 /* Frameworks */,
				36AAAECC2C36646C0007FF63 /* Resources */,
				7BB527B80916505510787D6F /* [CP] Embed Pods Frameworks */,
			);
			buildRules = (
			);
			dependencies = (
			);
			name = Checkmate;
			productName = Checkmate;
			productReference = 36AAAECE2C36646C0007FF63 /* Checkmate.app */;
			productType = "com.apple.product-type.application";
		};
/* End PBXNativeTarget section */

/* Begin PBXProject section */
		36AAAEC62C36646C0007FF63 /* Project object */ = {
			isa = PBXProject;
			attributes = {
				BuildIndependentTargetsInParallel = 1;
				LastSwiftUpdateCheck = 1530;
				LastUpgradeCheck = 1530;
				TargetAttributes = {
					36AAAECD2C36646C0007FF63 = {
						CreatedOnToolsVersion = 15.3;
					};
				};
			};
			buildConfigurationList = 36AAAEC92C36646C0007FF63 /* Build configuration list for PBXProject "Checkmate" */;
			compatibilityVersion = "Xcode 14.0";
			developmentRegion = en;
			hasScannedForEncodings = 0;
			knownRegions = (
				en,
				Base,
			);
			mainGroup = 36AAAEC52C36646C0007FF63;
			productRefGroup = 36AAAECF2C36646C0007FF63 /* Products */;
			projectDirPath = "";
			projectRoot = "";
			targets = (
				36AAAECD2C36646C0007FF63 /* Checkmate */,
			);
		};
/* End PBXProject section */

/* Begin PBXResourcesBuildPhase section */
		36AAAECC2C36646C0007FF63 /* Resources */ = {
			isa = PBXResourcesBuildPhase;
			buildActionMask = 2147483647;
			files = (
				36D29C892C3A70E700FF7CC3 /* notification.wav in Resources */,
				3699BEB42C36845700F48BB3 /* TaskCell.xib in Resources */,
				36AAAEDB2C36646E0007FF63 /* Assets.xcassets in Resources */,
				36AAAEDE2C36646E0007FF63 /* Base in Resources */,
				36AAAED92C36646C0007FF63 /* Base in Resources */,
			);
			runOnlyForDeploymentPostprocessing = 0;
		};
/* End PBXResourcesBuildPhase section */

/* Begin PBXShellScriptBuildPhase section */
		3074F25AF2096A437D4C94D5 /* [CP] Check Pods Manifest.lock */ = {
			isa = PBXShellScriptBuildPhase;
			buildActionMask = 2147483647;
			files = (
			);
			inputFileListPaths = (
			);
			inputPaths = (
				"${PODS_PODFILE_DIR_PATH}/Podfile.lock",
				"${PODS_ROOT}/Manifest.lock",
			);
			name = "[CP] Check Pods Manifest.lock";
			outputFileListPaths = (
			);
			outputPaths = (
				"$(DERIVED_FILE_DIR)/Pods-Checkmate-checkManifestLockResult.txt",
			);
			runOnlyForDeploymentPostprocessing = 0;
			shellPath = /bin/sh;
			shellScript = "diff \"${PODS_PODFILE_DIR_PATH}/Podfile.lock\" \"${PODS_ROOT}/Manifest.lock\" > /dev/null\nif [ $? != 0 ] ; then\n    # print error to STDERR\n    echo \"error: The sandbox is not in sync with the Podfile.lock. Run 'pod install' or update your CocoaPods installation.\" >&2\n    exit 1\nfi\n# This output is used by Xcode 'outputs' to avoid re-running this script phase.\necho \"SUCCESS\" > \"${SCRIPT_OUTPUT_FILE_0}\"\n";
			showEnvVarsInLog = 0;
		};
		7BB527B80916505510787D6F /* [CP] Embed Pods Frameworks */ = {
			isa = PBXShellScriptBuildPhase;
			buildActionMask = 2147483647;
			files = (
			);
			inputFileListPaths = (
				"${PODS_ROOT}/Target Support Files/Pods-Checkmate/Pods-Checkmate-frameworks-${CONFIGURATION}-input-files.xcfilelist",
			);
			name = "[CP] Embed Pods Frameworks";
			outputFileListPaths = (
				"${PODS_ROOT}/Target Support Files/Pods-Checkmate/Pods-Checkmate-frameworks-${CONFIGURATION}-output-files.xcfilelist",
			);
			runOnlyForDeploymentPostprocessing = 0;
			shellPath = /bin/sh;
			shellScript = "\"${PODS_ROOT}/Target Support Files/Pods-Checkmate/Pods-Checkmate-frameworks.sh\"\n";
			showEnvVarsInLog = 0;
		};
/* End PBXShellScriptBuildPhase section */

/* Begin PBXSourcesBuildPhase section */
		36AAAECA2C36646C0007FF63 /* Sources */ = {
			isa = PBXSourcesBuildPhase;
			buildActionMask = 2147483647;
			files = (
				3699BEB72C36AEF800F48BB3 /* TaskModel.swift in Sources */,
				36AAAED62C36646C0007FF63 /* ViewController.swift in Sources */,
				3699BEB92C36B77000F48BB3 /* AddTaskVC.swift in Sources */,
				36AAAED22C36646C0007FF63 /* AppDelegate.swift in Sources */,
				36AAAEE62C366A490007FF63 /* TabbarVC.swift in Sources */,
				36AAAEE82C366BD70007FF63 /* SceneDelegate.swift in Sources */,
				3699BEB52C36845700F48BB3 /* TaskCell.swift in Sources */,
				361139DC2C39459200DC7B2B /* Constants.swift in Sources */,
			);
			runOnlyForDeploymentPostprocessing = 0;
		};
/* End PBXSourcesBuildPhase section */

/* Begin PBXVariantGroup section */
		36AAAED72C36646C0007FF63 /* Main.storyboard */ = {
			isa = PBXVariantGroup;
			children = (
				36AAAED82C36646C0007FF63 /* Base */,
			);
			name = Main.storyboard;
			sourceTree = "<group>";
		};
		36AAAEDC2C36646E0007FF63 /* LaunchScreen.storyboard */ = {
			isa = PBXVariantGroup;
			children = (
				36AAAEDD2C36646E0007FF63 /* Base */,
			);
			name = LaunchScreen.storyboard;
			sourceTree = "<group>";
		};
/* End PBXVariantGroup section */

/* Begin XCBuildConfiguration section */
		36AAAEE02C36646E0007FF63 /* Debug */ = {
			isa = XCBuildConfiguration;
			buildSettings = {
				ALWAYS_SEARCH_USER_PATHS = NO;
				ASSETCATALOG_COMPILER_GENERATE_SWIFT_ASSET_SYMBOL_EXTENSIONS = YES;
				CLANG_ANALYZER_NONNULL = YES;
				CLANG_ANALYZER_NUMBER_OBJECT_CONVERSION = YES_AGGRESSIVE;
				CLANG_CXX_LANGUAGE_STANDARD = "gnu++20";
				CLANG_ENABLE_MODULES = YES;
				CLANG_ENABLE_OBJC_ARC = YES;
				CLANG_ENABLE_OBJC_WEAK = YES;
				CLANG_WARN_BLOCK_CAPTURE_AUTORELEASING = YES;
				CLANG_WARN_BOOL_CONVERSION = YES;
				CLANG_WARN_COMMA = YES;
				CLANG_WARN_CONSTANT_CONVERSION = YES;
				CLANG_WARN_DEPRECATED_OBJC_IMPLEMENTATIONS = YES;
				CLANG_WARN_DIRECT_OBJC_ISA_USAGE = YES_ERROR;
				CLANG_WARN_DOCUMENTATION_COMMENTS = YES;
				CLANG_WARN_EMPTY_BODY = YES;
				CLANG_WARN_ENUM_CONVERSION = YES;
				CLANG_WARN_INFINITE_RECURSION = YES;
				CLANG_WARN_INT_CONVERSION = YES;
				CLANG_WARN_NON_LITERAL_NULL_CONVERSION = YES;
				CLANG_WARN_OBJC_IMPLICIT_RETAIN_SELF = YES;
				CLANG_WARN_OBJC_LITERAL_CONVERSION = YES;
				CLANG_WARN_OBJC_ROOT_CLASS = YES_ERROR;
				CLANG_WARN_QUOTED_INCLUDE_IN_FRAMEWORK_HEADER = YES;
				CLANG_WARN_RANGE_LOOP_ANALYSIS = YES;
				CLANG_WARN_STRICT_PROTOTYPES = YES;
				CLANG_WARN_SUSPICIOUS_MOVE = YES;
				CLANG_WARN_UNGUARDED_AVAILABILITY = YES_AGGRESSIVE;
				CLANG_WARN_UNREACHABLE_CODE = YES;
				CLANG_WARN__DUPLICATE_METHOD_MATCH = YES;
				COPY_PHASE_STRIP = NO;
				DEBUG_INFORMATION_FORMAT = dwarf;
				ENABLE_STRICT_OBJC_MSGSEND = YES;
				ENABLE_TESTABILITY = YES;
				ENABLE_USER_SCRIPT_SANDBOXING = YES;
				GCC_C_LANGUAGE_STANDARD = gnu17;
				GCC_DYNAMIC_NO_PIC = NO;
				GCC_NO_COMMON_BLOCKS = YES;
				GCC_OPTIMIZATION_LEVEL = 0;
				GCC_PREPROCESSOR_DEFINITIONS = (
					"DEBUG=1",
					"$(inherited)",
				);
				GCC_WARN_64_TO_32_BIT_CONVERSION = YES;
				GCC_WARN_ABOUT_RETURN_TYPE = YES_ERROR;
				GCC_WARN_UNDECLARED_SELECTOR = YES;
				GCC_WARN_UNINITIALIZED_AUTOS = YES_AGGRESSIVE;
				GCC_WARN_UNUSED_FUNCTION = YES;
				GCC_WARN_UNUSED_VARIABLE = YES;
				IPHONEOS_DEPLOYMENT_TARGET = 13.0;
				LOCALIZATION_PREFERS_STRING_CATALOGS = YES;
				MTL_ENABLE_DEBUG_INFO = INCLUDE_SOURCE;
				MTL_FAST_MATH = YES;
				ONLY_ACTIVE_ARCH = YES;
				SDKROOT = iphoneos;
				SWIFT_ACTIVE_COMPILATION_CONDITIONS = "DEBUG $(inherited)";
				SWIFT_OPTIMIZATION_LEVEL = "-Onone";
			};
			name = Debug;
		};
		36AAAEE12C36646E0007FF63 /* Release */ = {
			isa = XCBuildConfiguration;
			buildSettings = {
				ALWAYS_SEARCH_USER_PATHS = NO;
				ASSETCATALOG_COMPILER_GENERATE_SWIFT_ASSET_SYMBOL_EXTENSIONS = YES;
				CLANG_ANALYZER_NONNULL = YES;
				CLANG_ANALYZER_NUMBER_OBJECT_CONVERSION = YES_AGGRESSIVE;
				CLANG_CXX_LANGUAGE_STANDARD = "gnu++20";
				CLANG_ENABLE_MODULES = YES;
				CLANG_ENABLE_OBJC_ARC = YES;
				CLANG_ENABLE_OBJC_WEAK = YES;
				CLANG_WARN_BLOCK_CAPTURE_AUTORELEASING = YES;
				CLANG_WARN_BOOL_CONVERSION = YES;
				CLANG_WARN_COMMA = YES;
				CLANG_WARN_CONSTANT_CONVERSION = YES;
				CLANG_WARN_DEPRECATED_OBJC_IMPLEMENTATIONS = YES;
				CLANG_WARN_DIRECT_OBJC_ISA_USAGE = YES_ERROR;
				CLANG_WARN_DOCUMENTATION_COMMENTS = YES;
				CLANG_WARN_EMPTY_BODY = YES;
				CLANG_WARN_ENUM_CONVERSION = YES;
				CLANG_WARN_INFINITE_RECURSION = YES;
				CLANG_WARN_INT_CONVERSION = YES;
				CLANG_WARN_NON_LITERAL_NULL_CONVERSION = YES;
				CLANG_WARN_OBJC_IMPLICIT_RETAIN_SELF = YES;
				CLANG_WARN_OBJC_LITERAL_CONVERSION = YES;
				CLANG_WARN_OBJC_ROOT_CLASS = YES_ERROR;
				CLANG_WARN_QUOTED_INCLUDE_IN_FRAMEWORK_HEADER = YES;
				CLANG_WARN_RANGE_LOOP_ANALYSIS = YES;
				CLANG_WARN_STRICT_PROTOTYPES = YES;
				CLANG_WARN_SUSPICIOUS_MOVE = YES;
				CLANG_WARN_UNGUARDED_AVAILABILITY = YES_AGGRESSIVE;
				CLANG_WARN_UNREACHABLE_CODE = YES;
				CLANG_WARN__DUPLICATE_METHOD_MATCH = YES;
				COPY_PHASE_STRIP = NO;
				DEBUG_INFORMATION_FORMAT = "dwarf-with-dsym";
				ENABLE_NS_ASSERTIONS = NO;
				ENABLE_STRICT_OBJC_MSGSEND = YES;
				ENABLE_USER_SCRIPT_SANDBOXING = YES;
				GCC_C_LANGUAGE_STANDARD = gnu17;
				GCC_NO_COMMON_BLOCKS = YES;
				GCC_WARN_64_TO_32_BIT_CONVERSION = YES;
				GCC_WARN_ABOUT_RETURN_TYPE = YES_ERROR;
				GCC_WARN_UNDECLARED_SELECTOR = YES;
				GCC_WARN_UNINITIALIZED_AUTOS = YES_AGGRESSIVE;
				GCC_WARN_UNUSED_FUNCTION = YES;
				GCC_WARN_UNUSED_VARIABLE = YES;
				IPHONEOS_DEPLOYMENT_TARGET = 13.0;
				LOCALIZATION_PREFERS_STRING_CATALOGS = YES;
				MTL_ENABLE_DEBUG_INFO = NO;
				MTL_FAST_MATH = YES;
				SDKROOT = iphoneos;
				SWIFT_COMPILATION_MODE = wholemodule;
				VALIDATE_PRODUCT = YES;
			};
			name = Release;
		};
		36AAAEE32C36646E0007FF63 /* Debug */ = {
			isa = XCBuildConfiguration;
			baseConfigurationReference = 227AA18B525B6A787CA45595 /* Pods-Checkmate.debug.xcconfig */;
			buildSettings = {
				ASSETCATALOG_COMPILER_APPICON_NAME = AppIcon;
				ASSETCATALOG_COMPILER_GLOBAL_ACCENT_COLOR_NAME = AccentColor;
				CODE_SIGN_ENTITLEMENTS = Checkmate/Checkmate.entitlements;
				CODE_SIGN_STYLE = Automatic;
				CURRENT_PROJECT_VERSION = 1;
				DEVELOPMENT_TEAM = 57BB6YGTBS;
				ENABLE_USER_SCRIPT_SANDBOXING = NO;
				GENERATE_INFOPLIST_FILE = YES;
				INFOPLIST_FILE = Checkmate/Info.plist;
				INFOPLIST_KEY_UIApplicationSupportsIndirectInputEvents = YES;
				INFOPLIST_KEY_UILaunchStoryboardName = LaunchScreen;
				INFOPLIST_KEY_UIMainStoryboardFile = Main;
				INFOPLIST_KEY_UISupportedInterfaceOrientations_iPad = "UIInterfaceOrientationPortrait UIInterfaceOrientationPortraitUpsideDown UIInterfaceOrientationLandscapeLeft UIInterfaceOrientationLandscapeRight";
				INFOPLIST_KEY_UISupportedInterfaceOrientations_iPhone = "UIInterfaceOrientationPortrait UIInterfaceOrientationLandscapeLeft UIInterfaceOrientationLandscapeRight";
				IPHONEOS_DEPLOYMENT_TARGET = 13.0;
				LD_RUNPATH_SEARCH_PATHS = (
					"$(inherited)",
					"@executable_path/Frameworks",
				);
				MARKETING_VERSION = 1.0;
				PRODUCT_BUNDLE_IDENTIFIER = "mag-isb.Checkmate";
				PRODUCT_NAME = "$(TARGET_NAME)";
				SWIFT_EMIT_LOC_STRINGS = YES;
				SWIFT_VERSION = 5.0;
				TARGETED_DEVICE_FAMILY = "1,2";
			};
			name = Debug;
		};
		36AAAEE42C36646E0007FF63 /* Release */ = {
			isa = XCBuildConfiguration;
			baseConfigurationReference = 58D0DC1A77D79F47EF7BA73F /* Pods-Checkmate.release.xcconfig */;
			buildSettings = {
				ASSETCATALOG_COMPILER_APPICON_NAME = AppIcon;
				ASSETCATALOG_COMPILER_GLOBAL_ACCENT_COLOR_NAME = AccentColor;
				CODE_SIGN_ENTITLEMENTS = Checkmate/Checkmate.entitlements;
				CODE_SIGN_STYLE = Automatic;
				CURRENT_PROJECT_VERSION = 1;
				DEVELOPMENT_TEAM = 57BB6YGTBS;
				ENABLE_USER_SCRIPT_SANDBOXING = NO;
				GENERATE_INFOPLIST_FILE = YES;
				INFOPLIST_FILE = Checkmate/Info.plist;
				INFOPLIST_KEY_UIApplicationSupportsIndirectInputEvents = YES;
				INFOPLIST_KEY_UILaunchStoryboardName = LaunchScreen;
				INFOPLIST_KEY_UIMainStoryboardFile = Main;
				INFOPLIST_KEY_UISupportedInterfaceOrientations_iPad = "UIInterfaceOrientationPortrait UIInterfaceOrientationPortraitUpsideDown UIInterfaceOrientationLandscapeLeft UIInterfaceOrientationLandscapeRight";
				INFOPLIST_KEY_UISupportedInterfaceOrientations_iPhone = "UIInterfaceOrientationPortrait UIInterfaceOrientationLandscapeLeft UIInterfaceOrientationLandscapeRight";
				IPHONEOS_DEPLOYMENT_TARGET = 13.0;
				LD_RUNPATH_SEARCH_PATHS = (
					"$(inherited)",
					"@executable_path/Frameworks",
				);
				MARKETING_VERSION = 1.0;
				PRODUCT_BUNDLE_IDENTIFIER = "mag-isb.Checkmate";
				PRODUCT_NAME = "$(TARGET_NAME)";
				SWIFT_EMIT_LOC_STRINGS = YES;
				SWIFT_VERSION = 5.0;
				TARGETED_DEVICE_FAMILY = "1,2";
			};
			name = Release;
		};
/* End XCBuildConfiguration section */

/* Begin XCConfigurationList section */
		36AAAEC92C36646C0007FF63 /* Build configuration list for PBXProject "Checkmate" */ = {
			isa = XCConfigurationList;
			buildConfigurations = (
				36AAAEE02C36646E0007FF63 /* Debug */,
				36AAAEE12C36646E0007FF63 /* Release */,
			);
			defaultConfigurationIsVisible = 0;
			defaultConfigurationName = Release;
		};
		36AAAEE22C36646E0007FF63 /* Build configuration list for PBXNativeTarget "Checkmate" */ = {
			isa = XCConfigurationList;
			buildConfigurations = (
				36AAAEE32C36646E0007FF63 /* Debug */,
				36AAAEE42C36646E0007FF63 /* Release */,
			);
			defaultConfigurationIsVisible = 0;
			defaultConfigurationName = Release;
		};
/* End XCConfigurationList section */
	};
	rootObject = 36AAAEC62C36646C0007FF63 /* Project object */;
}
